// !$*UTF8*$!
{
	archiveVersion = 1;
	classes = {
	};
	objectVersion = 50;
	objects = {

/* Begin PBXBuildFile section */
		CEE697192351ED2300A6B3AC /* main.swift in Sources */ = {isa = PBXBuildFile; fileRef = CEE697182351ED2300A6B3AC /* main.swift */; };
		CEE697202351ED4A00A6B3AC /* node.swift in Sources */ = {isa = PBXBuildFile; fileRef = CEE6971F2351ED4A00A6B3AC /* node.swift */; };
		CEE697222351EEA800A6B3AC /* world.swift in Sources */ = {isa = PBXBuildFile; fileRef = CEE697212351EEA800A6B3AC /* world.swift */; };
		CEE697242351F27100A6B3AC /* weak.swift in Sources */ = {isa = PBXBuildFile; fileRef = CEE697232351F27100A6B3AC /* weak.swift */; };
/* End PBXBuildFile section */

/* Begin PBXCopyFilesBuildPhase section */
		CEE697132351ED2300A6B3AC /* CopyFiles */ = {
			isa = PBXCopyFilesBuildPhase;
			buildActionMask = 2147483647;
			dstPath = /usr/share/man/man1/;
			dstSubfolderSpec = 0;
			files = (
			);
			runOnlyForDeploymentPostprocessing = 1;
		};
/* End PBXCopyFilesBuildPhase section */

/* Begin PBXFileReference section */
		CEE697152351ED2300A6B3AC /* stardew-cask-maximization-swift */ = {isa = PBXFileReference; explicitFileType = "compiled.mach-o.executable"; includeInIndex = 0; path = "stardew-cask-maximization-swift"; sourceTree = BUILT_PRODUCTS_DIR; };
		CEE697182351ED2300A6B3AC /* main.swift */ = {isa = PBXFileReference; lastKnownFileType = sourcecode.swift; path = main.swift; sourceTree = "<group>"; };
		CEE6971F2351ED4A00A6B3AC /* node.swift */ = {isa = PBXFileReference; lastKnownFileType = sourcecode.swift; path = node.swift; sourceTree = "<group>"; };
		CEE697212351EEA800A6B3AC /* world.swift */ = {isa = PBXFileReference; lastKnownFileType = sourcecode.swift; path = world.swift; sourceTree = "<group>"; };
		CEE697232351F27100A6B3AC /* weak.swift */ = {isa = PBXFileReference; lastKnownFileType = sourcecode.swift; path = weak.swift; sourceTree = "<group>"; };
		CEE697252352023A00A6B3AC /* map_test.txt */ = {isa = PBXFileReference; lastKnownFileType = text; path = map_test.txt; sourceTree = "<group>"; };
/* End PBXFileReference section */

/* Begin PBXFrameworksBuildPhase section */
		CEE697122351ED2300A6B3AC /* Frameworks */ = {
			isa = PBXFrameworksBuildPhase;
			buildActionMask = 2147483647;
			files = (
			);
			runOnlyForDeploymentPostprocessing = 0;
		};
/* End PBXFrameworksBuildPhase section */

/* Begin PBXGroup section */
		CEE6970C2351ED2200A6B3AC = {
			isa = PBXGroup;
			children = (
				CEE697172351ED2300A6B3AC /* stardew-cask-maximization-swift */,
				CEE697162351ED2300A6B3AC /* Products */,
			);
			sourceTree = "<group>";
		};
		CEE697162351ED2300A6B3AC /* Products */ = {
			isa = PBXGroup;
			children = (
				CEE697152351ED2300A6B3AC /* stardew-cask-maximization-swift */,
			);
			name = Products;
			sourceTree = "<group>";
		};
		CEE697172351ED2300A6B3AC /* stardew-cask-maximization-swift */ = {
			isa = PBXGroup;
			children = (
				CEE697182351ED2300A6B3AC /* main.swift */,
				CEE6971F2351ED4A00A6B3AC /* node.swift */,
				CEE697212351EEA800A6B3AC /* world.swift */,
				CEE697232351F27100A6B3AC /* weak.swift */,
				CEE697252352023A00A6B3AC /* map_test.txt */,
			);
			path = "stardew-cask-maximization-swift";
			sourceTree = "<group>";
		};
/* End PBXGroup section */

/* Begin PBXNativeTarget section */
		CEE697142351ED2300A6B3AC /* stardew-cask-maximization-swift */ = {
			isa = PBXNativeTarget;
			buildConfigurationList = CEE6971C2351ED2300A6B3AC /* Build configuration list for PBXNativeTarget "stardew-cask-maximization-swift" */;
			buildPhases = (
				CEE697112351ED2300A6B3AC /* Sources */,
				CEE697122351ED2300A6B3AC /* Frameworks */,
				CEE697132351ED2300A6B3AC /* CopyFiles */,
			);
			buildRules = (
			);
			dependencies = (
			);
			name = "stardew-cask-maximization-swift";
			productName = "stardew-cask-maximization-swift";
			productReference = CEE697152351ED2300A6B3AC /* stardew-cask-maximization-swift */;
			productType = "com.apple.product-type.tool";
		};
/* End PBXNativeTarget section */

/* Begin PBXProject section */
		CEE6970D2351ED2300A6B3AC /* Project object */ = {
			isa = PBXProject;
			attributes = {
				LastSwiftUpdateCheck = 1110;
				LastUpgradeCheck = 1110;
				ORGANIZATIONNAME = "Sean Park";
				TargetAttributes = {
					CEE697142351ED2300A6B3AC = {
						CreatedOnToolsVersion = 11.1;
					};
				};
			};
			buildConfigurationList = CEE697102351ED2300A6B3AC /* Build configuration list for PBXProject "stardew-cask-maximization-swift" */;
			compatibilityVersion = "Xcode 9.3";
			developmentRegion = en;
			hasScannedForEncodings = 0;
			knownRegions = (
				en,
				Base,
			);
			mainGroup = CEE6970C2351ED2200A6B3AC;
			productRefGroup = CEE697162351ED2300A6B3AC /* Products */;
			projectDirPath = "";
			projectRoot = "";
			targets = (
				CEE697142351ED2300A6B3AC /* stardew-cask-maximization-swift */,
			);
		};
/* End PBXProject section */

/* Begin PBXSourcesBuildPhase section */
		CEE697112351ED2300A6B3AC /* Sources */ = {
			isa = PBXSourcesBuildPhase;
			buildActionMask = 2147483647;
			files = (
				CEE697222351EEA800A6B3AC /* world.swift in Sources */,
				CEE697242351F27100A6B3AC /* weak.swift in Sources */,
				CEE697192351ED2300A6B3AC /* main.swift in Sources */,
				CEE697202351ED4A00A6B3AC /* node.swift in Sources */,
			);
			runOnlyForDeploymentPostprocessing = 0;
		};
/* End PBXSourcesBuildPhase section */

/* Begin XCBuildConfiguration section */
		CEE6971A2351ED2300A6B3AC /* Debug */ = {
			isa = XCBuildConfiguration;
			buildSettings = {
				ALWAYS_SEARCH_USER_PATHS = NO;
				CLANG_ANALYZER_NONNULL = YES;
				CLANG_ANALYZER_NUMBER_OBJECT_CONVERSION = YES_AGGRESSIVE;
				CLANG_CXX_LANGUAGE_STANDARD = "gnu++14";
				CLANG_CXX_LIBRARY = "libc++";
				CLANG_ENABLE_MODULES = YES;
				CLANG_ENABLE_OBJC_ARC = YES;
				CLANG_ENABLE_OBJC_WEAK = YES;
				CLANG_WARN_BLOCK_CAPTURE_AUTORELEASING = YES;
				CLANG_WARN_BOOL_CONVERSION = YES;
				CLANG_WARN_COMMA = YES;
				CLANG_WARN_CONSTANT_CONVERSION = YES;
				CLANG_WARN_DEPRECATED_OBJC_IMPLEMENTATIONS = YES;
				CLANG_WARN_DIRECT_OBJC_ISA_USAGE = YES_ERROR;
				CLANG_WARN_DOCUMENTATION_COMMENTS = YES;
				CLANG_WARN_EMPTY_BODY = YES;
				CLANG_WARN_ENUM_CONVERSION = YES;
				CLANG_WARN_INFINITE_RECURSION = YES;
				CLANG_WARN_INT_CONVERSION = YES;
				CLANG_WARN_NON_LITERAL_NULL_CONVERSION = YES;
				CLANG_WARN_OBJC_IMPLICIT_RETAIN_SELF = YES;
				CLANG_WARN_OBJC_LITERAL_CONVERSION = YES;
				CLANG_WARN_OBJC_ROOT_CLASS = YES_ERROR;
				CLANG_WARN_RANGE_LOOP_ANALYSIS = YES;
				CLANG_WARN_STRICT_PROTOTYPES = YES;
				CLANG_WARN_SUSPICIOUS_MOVE = YES;
				CLANG_WARN_UNGUARDED_AVAILABILITY = YES_AGGRESSIVE;
				CLANG_WARN_UNREACHABLE_CODE = YES;
				CLANG_WARN__DUPLICATE_METHOD_MATCH = YES;
				COPY_PHASE_STRIP = NO;
				DEBUG_INFORMATION_FORMAT = dwarf;
				ENABLE_STRICT_OBJC_MSGSEND = YES;
				ENABLE_TESTABILITY = YES;
				GCC_C_LANGUAGE_STANDARD = gnu11;
				GCC_DYNAMIC_NO_PIC = NO;
				GCC_NO_COMMON_BLOCKS = YES;
				GCC_OPTIMIZATION_LEVEL = 0;
				GCC_PREPROCESSOR_DEFINITIONS = (
					"DEBUG=1",
					"$(inherited)",
				);
				GCC_WARN_64_TO_32_BIT_CONVERSION = YES;
				GCC_WARN_ABOUT_RETURN_TYPE = YES_ERROR;
				GCC_WARN_UNDECLARED_SELECTOR = YES;
				GCC_WARN_UNINITIALIZED_AUTOS = YES_AGGRESSIVE;
				GCC_WARN_UNUSED_FUNCTION = YES;
				GCC_WARN_UNUSED_VARIABLE = YES;
				MACOSX_DEPLOYMENT_TARGET = 10.15;
				MTL_ENABLE_DEBUG_INFO = INCLUDE_SOURCE;
				MTL_FAST_MATH = YES;
				ONLY_ACTIVE_ARCH = YES;
				SDKROOT = macosx;
				SWIFT_ACTIVE_COMPILATION_CONDITIONS = DEBUG;
				SWIFT_OPTIMIZATION_LEVEL = "-Onone";
			};
			name = Debug;
		};
		CEE6971B2351ED2300A6B3AC /* Release */ = {
			isa = XCBuildConfiguration;
			buildSettings = {
				ALWAYS_SEARCH_USER_PATHS = NO;
				CLANG_ANALYZER_NONNULL = YES;
				CLANG_ANALYZER_NUMBER_OBJECT_CONVERSION = YES_AGGRESSIVE;
				CLANG_CXX_LANGUAGE_STANDARD = "gnu++14";
				CLANG_CXX_LIBRARY = "libc++";
				CLANG_ENABLE_MODULES = YES;
				CLANG_ENABLE_OBJC_ARC = YES;
				CLANG_ENABLE_OBJC_WEAK = YES;
				CLANG_WARN_BLOCK_CAPTURE_AUTORELEASING = YES;
				CLANG_WARN_BOOL_CONVERSION = YES;
				CLANG_WARN_COMMA = YES;
				CLANG_WARN_CONSTANT_CONVERSION = YES;
				CLANG_WARN_DEPRECATED_OBJC_IMPLEMENTATIONS = YES;
				CLANG_WARN_DIRECT_OBJC_ISA_USAGE = YES_ERROR;
				CLANG_WARN_DOCUMENTATION_COMMENTS = YES;
				CLANG_WARN_EMPTY_BODY = YES;
				CLANG_WARN_ENUM_CONVERSION = YES;
				CLANG_WARN_INFINITE_RECURSION = YES;
				CLANG_WARN_INT_CONVERSION = YES;
				CLANG_WARN_NON_LITERAL_NULL_CONVERSION = YES;
				CLANG_WARN_OBJC_IMPLICIT_RETAIN_SELF = YES;
				CLANG_WARN_OBJC_LITERAL_CONVERSION = YES;
				CLANG_WARN_OBJC_ROOT_CLASS = YES_ERROR;
				CLANG_WARN_RANGE_LOOP_ANALYSIS = YES;
				CLANG_WARN_STRICT_PROTOTYPES = YES;
				CLANG_WARN_SUSPICIOUS_MOVE = YES;
				CLANG_WARN_UNGUARDED_AVAILABILITY = YES_AGGRESSIVE;
				CLANG_WARN_UNREACHABLE_CODE = YES;
				CLANG_WARN__DUPLICATE_METHOD_MATCH = YES;
				COPY_PHASE_STRIP = NO;
				DEBUG_INFORMATION_FORMAT = "dwarf-with-dsym";
				ENABLE_NS_ASSERTIONS = NO;
				ENABLE_STRICT_OBJC_MSGSEND = YES;
				GCC_C_LANGUAGE_STANDARD = gnu11;
				GCC_NO_COMMON_BLOCKS = YES;
				GCC_WARN_64_TO_32_BIT_CONVERSION = YES;
				GCC_WARN_ABOUT_RETURN_TYPE = YES_ERROR;
				GCC_WARN_UNDECLARED_SELECTOR = YES;
				GCC_WARN_UNINITIALIZED_AUTOS = YES_AGGRESSIVE;
				GCC_WARN_UNUSED_FUNCTION = YES;
				GCC_WARN_UNUSED_VARIABLE = YES;
				MACOSX_DEPLOYMENT_TARGET = 10.15;
				MTL_ENABLE_DEBUG_INFO = NO;
				MTL_FAST_MATH = YES;
				SDKROOT = macosx;
				SWIFT_COMPILATION_MODE = wholemodule;
				SWIFT_OPTIMIZATION_LEVEL = "-O";
			};
			name = Release;
		};
		CEE6971D2351ED2300A6B3AC /* Debug */ = {
			isa = XCBuildConfiguration;
			buildSettings = {
				CODE_SIGN_STYLE = Automatic;
				PRODUCT_NAME = "$(TARGET_NAME)";
				SWIFT_VERSION = 5.0;
			};
			name = Debug;
		};
		CEE6971E2351ED2300A6B3AC /* Release */ = {
			isa = XCBuildConfiguration;
			buildSettings = {
				CODE_SIGN_STYLE = Automatic;
				PRODUCT_NAME = "$(TARGET_NAME)";
				SWIFT_VERSION = 5.0;
			};
			name = Release;
		};
/* End XCBuildConfiguration section */

/* Begin XCConfigurationList section */
		CEE697102351ED2300A6B3AC /* Build configuration list for PBXProject "stardew-cask-maximization-swift" */ = {
			isa = XCConfigurationList;
			buildConfigurations = (
				CEE6971A2351ED2300A6B3AC /* Debug */,
				CEE6971B2351ED2300A6B3AC /* Release */,
			);
			defaultConfigurationIsVisible = 0;
			defaultConfigurationName = Release;
		};
		CEE6971C2351ED2300A6B3AC /* Build configuration list for PBXNativeTarget "stardew-cask-maximization-swift" */ = {
			isa = XCConfigurationList;
			buildConfigurations = (
				CEE6971D2351ED2300A6B3AC /* Debug */,
				CEE6971E2351ED2300A6B3AC /* Release */,
			);
			defaultConfigurationIsVisible = 0;
			defaultConfigurationName = Release;
		};
/* End XCConfigurationList section */
	};
	rootObject = CEE6970D2351ED2300A6B3AC /* Project object */;
}
